// !$*UTF8*$!
{
	archiveVersion = 1;
	classes = {
	};
	objectVersion = 46;
	objects = {

/* Begin PBXBuildFile section */
		3D095BD216E274340074CBA2 /* VIManagedObjectMapper.m in Sources */ = {isa = PBXBuildFile; fileRef = 3D095BD116E274340074CBA2 /* VIManagedObjectMapper.m */; };
		3D330BCB1707341700B6D42B /* VIPerson.m in Sources */ = {isa = PBXBuildFile; fileRef = 3D330BCA1707341700B6D42B /* VIPerson.m */; };
		3D634A8817076EFD00B601B5 /* VIManagedObject.m in Sources */ = {isa = PBXBuildFile; fileRef = 3D634A8717076EFD00B601B5 /* VIManagedObject.m */; };
		3DDBEC0C16E2B85D00E9AB57 /* VIManagedObjectMap.m in Sources */ = {isa = PBXBuildFile; fileRef = 3DDBEC0B16E2B85D00E9AB57 /* VIManagedObjectMap.m */; };
		6F393DC016CC416500AEA4C6 /* CoreData.framework in Frameworks */ = {isa = PBXBuildFile; fileRef = EA5F19CD15C197990089AA44 /* CoreData.framework */; };
		6F8B5D1716CBF764004DD1B2 /* SenTestingKit.framework in Frameworks */ = {isa = PBXBuildFile; fileRef = 6F8B5D1616CBF764004DD1B2 /* SenTestingKit.framework */; };
		6F8B5D1816CBF764004DD1B2 /* UIKit.framework in Frameworks */ = {isa = PBXBuildFile; fileRef = EA5F19A415C196500089AA44 /* UIKit.framework */; };
		6F8B5D1916CBF764004DD1B2 /* Foundation.framework in Frameworks */ = {isa = PBXBuildFile; fileRef = EA5F19A615C196500089AA44 /* Foundation.framework */; };
		6FA4D0E116D2C8E400692187 /* VICoreDataModel.xcdatamodeld in Resources */ = {isa = PBXBuildFile; fileRef = EA4FE17715C2EEC700424469 /* VICoreDataModel.xcdatamodeld */; };
		6FC8B69016CC0C40000B7733 /* ManagedObjectAdditionTests.m in Sources */ = {isa = PBXBuildFile; fileRef = 6F46A2D716CAACF700BE4F20 /* ManagedObjectAdditionTests.m */; };
		6FE6F6ED16C556A600E79EDE /* Default-568h@2x.png in Resources */ = {isa = PBXBuildFile; fileRef = 6FE6F6EC16C556A600E79EDE /* Default-568h@2x.png */; };
		EA24611B15C6CD3A0065C12D /* VIFetchResultsDataSource.m in Sources */ = {isa = PBXBuildFile; fileRef = EA24611A15C6CD3A0065C12D /* VIFetchResultsDataSource.m */; };
		EA26603315C251BF00D61F01 /* VIPersonDataSource.m in Sources */ = {isa = PBXBuildFile; fileRef = EA26603215C251BF00D61F01 /* VIPersonDataSource.m */; };
		EA4FE17915C2EEC700424469 /* VICoreDataModel.xcdatamodeld in Sources */ = {isa = PBXBuildFile; fileRef = EA4FE17715C2EEC700424469 /* VICoreDataModel.xcdatamodeld */; };
		EA5F19A515C196500089AA44 /* UIKit.framework in Frameworks */ = {isa = PBXBuildFile; fileRef = EA5F19A415C196500089AA44 /* UIKit.framework */; };
		EA5F19A715C196500089AA44 /* Foundation.framework in Frameworks */ = {isa = PBXBuildFile; fileRef = EA5F19A615C196500089AA44 /* Foundation.framework */; };
		EA5F19A915C196500089AA44 /* CoreGraphics.framework in Frameworks */ = {isa = PBXBuildFile; fileRef = EA5F19A815C196500089AA44 /* CoreGraphics.framework */; };
		EA5F19AF15C196500089AA44 /* InfoPlist.strings in Resources */ = {isa = PBXBuildFile; fileRef = EA5F19AD15C196500089AA44 /* InfoPlist.strings */; };
		EA5F19B115C196500089AA44 /* main.m in Sources */ = {isa = PBXBuildFile; fileRef = EA5F19B015C196500089AA44 /* main.m */; };
		EA5F19B515C196500089AA44 /* VIAppDelegate.m in Sources */ = {isa = PBXBuildFile; fileRef = EA5F19B415C196500089AA44 /* VIAppDelegate.m */; };
		EA5F19B815C196500089AA44 /* VIViewController.m in Sources */ = {isa = PBXBuildFile; fileRef = EA5F19B715C196500089AA44 /* VIViewController.m */; };
		EA5F19BB15C196500089AA44 /* VIViewController.xib in Resources */ = {isa = PBXBuildFile; fileRef = EA5F19B915C196500089AA44 /* VIViewController.xib */; };
		EA5F19CE15C197990089AA44 /* CoreData.framework in Frameworks */ = {isa = PBXBuildFile; fileRef = EA5F19CD15C197990089AA44 /* CoreData.framework */; };
		EA5F19D115C197F40089AA44 /* VICoreDataManager.m in Sources */ = {isa = PBXBuildFile; fileRef = EA5F19D015C197F40089AA44 /* VICoreDataManager.m */; };
/* End PBXBuildFile section */

/* Begin PBXFileReference section */
		3D095BD016E274340074CBA2 /* VIManagedObjectMapper.h */ = {isa = PBXFileReference; fileEncoding = 4; lastKnownFileType = sourcecode.c.h; name = VIManagedObjectMapper.h; path = VICoreDataManager/VIManagedObjectMapper.h; sourceTree = "<group>"; };
		3D095BD116E274340074CBA2 /* VIManagedObjectMapper.m */ = {isa = PBXFileReference; fileEncoding = 4; lastKnownFileType = sourcecode.c.objc; name = VIManagedObjectMapper.m; path = VICoreDataManager/VIManagedObjectMapper.m; sourceTree = "<group>"; };
		3D330BC91707341700B6D42B /* VIPerson.h */ = {isa = PBXFileReference; fileEncoding = 4; lastKnownFileType = sourcecode.c.h; path = VIPerson.h; sourceTree = "<group>"; };
		3D330BCA1707341700B6D42B /* VIPerson.m */ = {isa = PBXFileReference; fileEncoding = 4; lastKnownFileType = sourcecode.c.objc; path = VIPerson.m; sourceTree = "<group>"; };
		3D634A8617076EFD00B601B5 /* VIManagedObject.h */ = {isa = PBXFileReference; fileEncoding = 4; lastKnownFileType = sourcecode.c.h; name = VIManagedObject.h; path = VICoreDataManager/VIManagedObject.h; sourceTree = "<group>"; };
		3D634A8717076EFD00B601B5 /* VIManagedObject.m */ = {isa = PBXFileReference; fileEncoding = 4; lastKnownFileType = sourcecode.c.objc; name = VIManagedObject.m; path = VICoreDataManager/VIManagedObject.m; sourceTree = "<group>"; };
		3DDBEC0A16E2B85D00E9AB57 /* VIManagedObjectMap.h */ = {isa = PBXFileReference; fileEncoding = 4; lastKnownFileType = sourcecode.c.h; name = VIManagedObjectMap.h; path = VICoreDataManager/VIManagedObjectMap.h; sourceTree = "<group>"; };
		3DDBEC0B16E2B85D00E9AB57 /* VIManagedObjectMap.m */ = {isa = PBXFileReference; fileEncoding = 4; lastKnownFileType = sourcecode.c.objc; name = VIManagedObjectMap.m; path = VICoreDataManager/VIManagedObjectMap.m; sourceTree = "<group>"; };
		6F46A2D216CAACF700BE4F20 /* CoreDataTests-Info.plist */ = {isa = PBXFileReference; lastKnownFileType = text.plist.xml; path = "CoreDataTests-Info.plist"; sourceTree = "<group>"; };
		6F46A2D416CAACF700BE4F20 /* en */ = {isa = PBXFileReference; lastKnownFileType = text.plist.strings; name = en; path = en.lproj/InfoPlist.strings; sourceTree = "<group>"; };
		6F46A2D616CAACF700BE4F20 /* ManagedObjectAdditionTests.h */ = {isa = PBXFileReference; lastKnownFileType = sourcecode.c.h; path = ManagedObjectAdditionTests.h; sourceTree = "<group>"; };
		6F46A2D716CAACF700BE4F20 /* ManagedObjectAdditionTests.m */ = {isa = PBXFileReference; lastKnownFileType = sourcecode.c.objc; path = ManagedObjectAdditionTests.m; sourceTree = "<group>"; };
		6F46A2D916CAACF700BE4F20 /* CoreDataTests-Prefix.pch */ = {isa = PBXFileReference; lastKnownFileType = sourcecode.c.h; path = "CoreDataTests-Prefix.pch"; sourceTree = "<group>"; };
		6F8B5D1516CBF764004DD1B2 /* CoreDataTests.octest */ = {isa = PBXFileReference; explicitFileType = wrapper.cfbundle; includeInIndex = 0; path = CoreDataTests.octest; sourceTree = BUILT_PRODUCTS_DIR; };
		6F8B5D1616CBF764004DD1B2 /* SenTestingKit.framework */ = {isa = PBXFileReference; lastKnownFileType = wrapper.framework; name = SenTestingKit.framework; path = Library/Frameworks/SenTestingKit.framework; sourceTree = DEVELOPER_DIR; };
		6FE6F6EC16C556A600E79EDE /* Default-568h@2x.png */ = {isa = PBXFileReference; lastKnownFileType = image.png; name = "Default-568h@2x.png"; path = "../Default-568h@2x.png"; sourceTree = "<group>"; };
		EA24611915C6CD3A0065C12D /* VIFetchResultsDataSource.h */ = {isa = PBXFileReference; fileEncoding = 4; lastKnownFileType = sourcecode.c.h; name = VIFetchResultsDataSource.h; path = VICoreDataManager/VIFetchResultsDataSource.h; sourceTree = "<group>"; };
		EA24611A15C6CD3A0065C12D /* VIFetchResultsDataSource.m */ = {isa = PBXFileReference; fileEncoding = 4; lastKnownFileType = sourcecode.c.objc; name = VIFetchResultsDataSource.m; path = VICoreDataManager/VIFetchResultsDataSource.m; sourceTree = "<group>"; };
		EA26603115C251BF00D61F01 /* VIPersonDataSource.h */ = {isa = PBXFileReference; fileEncoding = 4; lastKnownFileType = sourcecode.c.h; path = VIPersonDataSource.h; sourceTree = "<group>"; };
		EA26603215C251BF00D61F01 /* VIPersonDataSource.m */ = {isa = PBXFileReference; fileEncoding = 4; lastKnownFileType = sourcecode.c.objc; path = VIPersonDataSource.m; sourceTree = "<group>"; };
		EA4FE17815C2EEC700424469 /* VICoreDataModel.xcdatamodel */ = {isa = PBXFileReference; lastKnownFileType = wrapper.xcdatamodel; path = VICoreDataModel.xcdatamodel; sourceTree = "<group>"; };
		EA5F19A015C196500089AA44 /* CoreData.app */ = {isa = PBXFileReference; explicitFileType = wrapper.application; includeInIndex = 0; path = CoreData.app; sourceTree = BUILT_PRODUCTS_DIR; };
		EA5F19A415C196500089AA44 /* UIKit.framework */ = {isa = PBXFileReference; lastKnownFileType = wrapper.framework; name = UIKit.framework; path = System/Library/Frameworks/UIKit.framework; sourceTree = SDKROOT; };
		EA5F19A615C196500089AA44 /* Foundation.framework */ = {isa = PBXFileReference; lastKnownFileType = wrapper.framework; name = Foundation.framework; path = System/Library/Frameworks/Foundation.framework; sourceTree = SDKROOT; };
		EA5F19A815C196500089AA44 /* CoreGraphics.framework */ = {isa = PBXFileReference; lastKnownFileType = wrapper.framework; name = CoreGraphics.framework; path = System/Library/Frameworks/CoreGraphics.framework; sourceTree = SDKROOT; };
		EA5F19AC15C196500089AA44 /* CoreData-Info.plist */ = {isa = PBXFileReference; lastKnownFileType = text.plist.xml; path = "CoreData-Info.plist"; sourceTree = "<group>"; };
		EA5F19AE15C196500089AA44 /* en */ = {isa = PBXFileReference; lastKnownFileType = text.plist.strings; name = en; path = en.lproj/InfoPlist.strings; sourceTree = "<group>"; };
		EA5F19B015C196500089AA44 /* main.m */ = {isa = PBXFileReference; lastKnownFileType = sourcecode.c.objc; path = main.m; sourceTree = "<group>"; };
		EA5F19B215C196500089AA44 /* CoreData-Prefix.pch */ = {isa = PBXFileReference; lastKnownFileType = sourcecode.c.h; path = "CoreData-Prefix.pch"; sourceTree = "<group>"; };
		EA5F19B315C196500089AA44 /* VIAppDelegate.h */ = {isa = PBXFileReference; lastKnownFileType = sourcecode.c.h; path = VIAppDelegate.h; sourceTree = "<group>"; };
		EA5F19B415C196500089AA44 /* VIAppDelegate.m */ = {isa = PBXFileReference; lastKnownFileType = sourcecode.c.objc; path = VIAppDelegate.m; sourceTree = "<group>"; };
		EA5F19B615C196500089AA44 /* VIViewController.h */ = {isa = PBXFileReference; lastKnownFileType = sourcecode.c.h; path = VIViewController.h; sourceTree = "<group>"; };
		EA5F19B715C196500089AA44 /* VIViewController.m */ = {isa = PBXFileReference; lastKnownFileType = sourcecode.c.objc; path = VIViewController.m; sourceTree = "<group>"; };
		EA5F19BA15C196500089AA44 /* en */ = {isa = PBXFileReference; lastKnownFileType = file.xib; name = en; path = en.lproj/VIViewController.xib; sourceTree = "<group>"; };
		EA5F19CD15C197990089AA44 /* CoreData.framework */ = {isa = PBXFileReference; lastKnownFileType = wrapper.framework; name = CoreData.framework; path = System/Library/Frameworks/CoreData.framework; sourceTree = SDKROOT; };
		EA5F19CF15C197F40089AA44 /* VICoreDataManager.h */ = {isa = PBXFileReference; fileEncoding = 4; lastKnownFileType = sourcecode.c.h; name = VICoreDataManager.h; path = VICoreDataManager/VICoreDataManager.h; sourceTree = "<group>"; };
		EA5F19D015C197F40089AA44 /* VICoreDataManager.m */ = {isa = PBXFileReference; fileEncoding = 4; lastKnownFileType = sourcecode.c.objc; name = VICoreDataManager.m; path = VICoreDataManager/VICoreDataManager.m; sourceTree = "<group>"; };
/* End PBXFileReference section */

/* Begin PBXFrameworksBuildPhase section */
		6F8B5D1116CBF764004DD1B2 /* Frameworks */ = {
			isa = PBXFrameworksBuildPhase;
			buildActionMask = 2147483647;
			files = (
				6F393DC016CC416500AEA4C6 /* CoreData.framework in Frameworks */,
				6F8B5D1716CBF764004DD1B2 /* SenTestingKit.framework in Frameworks */,
				6F8B5D1816CBF764004DD1B2 /* UIKit.framework in Frameworks */,
				6F8B5D1916CBF764004DD1B2 /* Foundation.framework in Frameworks */,
			);
			runOnlyForDeploymentPostprocessing = 0;
		};
		EA5F199D15C196500089AA44 /* Frameworks */ = {
			isa = PBXFrameworksBuildPhase;
			buildActionMask = 2147483647;
			files = (
				EA5F19CE15C197990089AA44 /* CoreData.framework in Frameworks */,
				EA5F19A515C196500089AA44 /* UIKit.framework in Frameworks */,
				EA5F19A715C196500089AA44 /* Foundation.framework in Frameworks */,
				EA5F19A915C196500089AA44 /* CoreGraphics.framework in Frameworks */,
			);
			runOnlyForDeploymentPostprocessing = 0;
		};
/* End PBXFrameworksBuildPhase section */

/* Begin PBXGroup section */
		3D0793FD16E3CFDF00E29F5F /* ManagedObject Management */ = {
			isa = PBXGroup;
			children = (
				3D634A8617076EFD00B601B5 /* VIManagedObject.h */,
				3D634A8717076EFD00B601B5 /* VIManagedObject.m */,
				3DDBEC0A16E2B85D00E9AB57 /* VIManagedObjectMap.h */,
				3DDBEC0B16E2B85D00E9AB57 /* VIManagedObjectMap.m */,
				3D095BD016E274340074CBA2 /* VIManagedObjectMapper.h */,
				3D095BD116E274340074CBA2 /* VIManagedObjectMapper.m */,
			);
			name = "ManagedObject Management";
			sourceTree = "<group>";
		};
		6F46A2D016CAACF700BE4F20 /* CoreDataTests */ = {
			isa = PBXGroup;
			children = (
				6F46A2D616CAACF700BE4F20 /* ManagedObjectAdditionTests.h */,
				6F46A2D716CAACF700BE4F20 /* ManagedObjectAdditionTests.m */,
				6F46A2D116CAACF700BE4F20 /* Supporting Files */,
			);
			path = CoreDataTests;
			sourceTree = "<group>";
		};
		6F46A2D116CAACF700BE4F20 /* Supporting Files */ = {
			isa = PBXGroup;
			children = (
				6F46A2D216CAACF700BE4F20 /* CoreDataTests-Info.plist */,
				6F46A2D316CAACF700BE4F20 /* InfoPlist.strings */,
				6F46A2D916CAACF700BE4F20 /* CoreDataTests-Prefix.pch */,
			);
			name = "Supporting Files";
			sourceTree = "<group>";
		};
		EA26602615C24B5B00D61F01 /* DataSource */ = {
			isa = PBXGroup;
			children = (
				EA26603115C251BF00D61F01 /* VIPersonDataSource.h */,
				EA26603215C251BF00D61F01 /* VIPersonDataSource.m */,
			);
			name = DataSource;
			sourceTree = "<group>";
		};
		EA5F199515C196500089AA44 = {
			isa = PBXGroup;
			children = (
				EA5F19AA15C196500089AA44 /* CoreData */,
				6F46A2D016CAACF700BE4F20 /* CoreDataTests */,
				EA5F19A315C196500089AA44 /* Frameworks */,
				EA5F19A115C196500089AA44 /* Products */,
			);
			sourceTree = "<group>";
		};
		EA5F19A115C196500089AA44 /* Products */ = {
			isa = PBXGroup;
			children = (
				EA5F19A015C196500089AA44 /* CoreData.app */,
				6F8B5D1516CBF764004DD1B2 /* CoreDataTests.octest */,
			);
			name = Products;
			sourceTree = "<group>";
		};
		EA5F19A315C196500089AA44 /* Frameworks */ = {
			isa = PBXGroup;
			children = (
				EA5F19CD15C197990089AA44 /* CoreData.framework */,
				EA5F19A815C196500089AA44 /* CoreGraphics.framework */,
				EA5F19A615C196500089AA44 /* Foundation.framework */,
				EA5F19A415C196500089AA44 /* UIKit.framework */,
				6F8B5D1616CBF764004DD1B2 /* SenTestingKit.framework */,
			);
			name = Frameworks;
			sourceTree = "<group>";
		};
		EA5F19AA15C196500089AA44 /* CoreData */ = {
			isa = PBXGroup;
			children = (
				EA5F19C515C1976C0089AA44 /* CoreDataManager */,
				EA26602615C24B5B00D61F01 /* DataSource */,
				EA5F19D215C1A6010089AA44 /* Models */,
				EA5F19B315C196500089AA44 /* VIAppDelegate.h */,
				EA5F19B415C196500089AA44 /* VIAppDelegate.m */,
				EA5F19B615C196500089AA44 /* VIViewController.h */,
				EA5F19B715C196500089AA44 /* VIViewController.m */,
				EA5F19B915C196500089AA44 /* VIViewController.xib */,
				EA5F19AB15C196500089AA44 /* Supporting Files */,
			);
			path = CoreData;
			sourceTree = "<group>";
		};
		EA5F19AB15C196500089AA44 /* Supporting Files */ = {
			isa = PBXGroup;
			children = (
				EA5F19AC15C196500089AA44 /* CoreData-Info.plist */,
				EA5F19AD15C196500089AA44 /* InfoPlist.strings */,
				EA5F19B015C196500089AA44 /* main.m */,
				EA5F19B215C196500089AA44 /* CoreData-Prefix.pch */,
				6FE6F6EC16C556A600E79EDE /* Default-568h@2x.png */,
			);
			name = "Supporting Files";
			sourceTree = "<group>";
		};
		EA5F19C515C1976C0089AA44 /* CoreDataManager */ = {
			isa = PBXGroup;
			children = (
				3D0793FD16E3CFDF00E29F5F /* ManagedObject Management */,
				EA5F19CF15C197F40089AA44 /* VICoreDataManager.h */,
				EA5F19D015C197F40089AA44 /* VICoreDataManager.m */,
				EA24611915C6CD3A0065C12D /* VIFetchResultsDataSource.h */,
				EA24611A15C6CD3A0065C12D /* VIFetchResultsDataSource.m */,
			);
			name = CoreDataManager;
			sourceTree = "<group>";
		};
		EA5F19D215C1A6010089AA44 /* Models */ = {
			isa = PBXGroup;
			children = (
				3D330BC91707341700B6D42B /* VIPerson.h */,
				3D330BCA1707341700B6D42B /* VIPerson.m */,
				EA4FE17715C2EEC700424469 /* VICoreDataModel.xcdatamodeld */,
			);
			name = Models;
			sourceTree = "<group>";
		};
/* End PBXGroup section */

/* Begin PBXNativeTarget section */
		6F8B5D1416CBF764004DD1B2 /* CoreDataTests */ = {
			isa = PBXNativeTarget;
			buildConfigurationList = 6F8B5D2416CBF764004DD1B2 /* Build configuration list for PBXNativeTarget "CoreDataTests" */;
			buildPhases = (
				6F8B5D1016CBF764004DD1B2 /* Sources */,
				6F8B5D1116CBF764004DD1B2 /* Frameworks */,
				6F8B5D1216CBF764004DD1B2 /* Resources */,
			);
			buildRules = (
			);
			dependencies = (
			);
			name = CoreDataTests;
			productName = CoreDataTests;
			productReference = 6F8B5D1516CBF764004DD1B2 /* CoreDataTests.octest */;
			productType = "com.apple.product-type.bundle";
		};
		EA5F199F15C196500089AA44 /* CoreData */ = {
			isa = PBXNativeTarget;
			buildConfigurationList = EA5F19BE15C196500089AA44 /* Build configuration list for PBXNativeTarget "CoreData" */;
			buildPhases = (
				EA5F199C15C196500089AA44 /* Sources */,
				EA5F199D15C196500089AA44 /* Frameworks */,
				EA5F199E15C196500089AA44 /* Resources */,
			);
			buildRules = (
			);
			dependencies = (
			);
			name = CoreData;
			productName = CoreData;
			productReference = EA5F19A015C196500089AA44 /* CoreData.app */;
			productType = "com.apple.product-type.application";
		};
/* End PBXNativeTarget section */

/* Begin PBXProject section */
		EA5F199715C196500089AA44 /* Project object */ = {
			isa = PBXProject;
			attributes = {
				CLASSPREFIX = VI;
				LastUpgradeCheck = 0460;
			};
			buildConfigurationList = EA5F199A15C196500089AA44 /* Build configuration list for PBXProject "CoreData" */;
			compatibilityVersion = "Xcode 3.2";
			developmentRegion = English;
			hasScannedForEncodings = 0;
			knownRegions = (
				en,
			);
			mainGroup = EA5F199515C196500089AA44;
			productRefGroup = EA5F19A115C196500089AA44 /* Products */;
			projectDirPath = "";
			projectRoot = "";
			targets = (
				EA5F199F15C196500089AA44 /* CoreData */,
				6F8B5D1416CBF764004DD1B2 /* CoreDataTests */,
			);
		};
/* End PBXProject section */

/* Begin PBXResourcesBuildPhase section */
		6F8B5D1216CBF764004DD1B2 /* Resources */ = {
			isa = PBXResourcesBuildPhase;
			buildActionMask = 2147483647;
			files = (
				6FA4D0E116D2C8E400692187 /* VICoreDataModel.xcdatamodeld in Resources */,
			);
			runOnlyForDeploymentPostprocessing = 0;
		};
		EA5F199E15C196500089AA44 /* Resources */ = {
			isa = PBXResourcesBuildPhase;
			buildActionMask = 2147483647;
			files = (
				EA5F19AF15C196500089AA44 /* InfoPlist.strings in Resources */,
				EA5F19BB15C196500089AA44 /* VIViewController.xib in Resources */,
				6FE6F6ED16C556A600E79EDE /* Default-568h@2x.png in Resources */,
			);
			runOnlyForDeploymentPostprocessing = 0;
		};
/* End PBXResourcesBuildPhase section */

/* Begin PBXSourcesBuildPhase section */
		6F8B5D1016CBF764004DD1B2 /* Sources */ = {
			isa = PBXSourcesBuildPhase;
			buildActionMask = 2147483647;
			files = (
				6FC8B69016CC0C40000B7733 /* ManagedObjectAdditionTests.m in Sources */,
			);
			runOnlyForDeploymentPostprocessing = 0;
		};
		EA5F199C15C196500089AA44 /* Sources */ = {
			isa = PBXSourcesBuildPhase;
			buildActionMask = 2147483647;
			files = (
				EA5F19B115C196500089AA44 /* main.m in Sources */,
				EA5F19B515C196500089AA44 /* VIAppDelegate.m in Sources */,
				EA5F19B815C196500089AA44 /* VIViewController.m in Sources */,
				EA5F19D115C197F40089AA44 /* VICoreDataManager.m in Sources */,
				EA26603315C251BF00D61F01 /* VIPersonDataSource.m in Sources */,
				EA4FE17915C2EEC700424469 /* VICoreDataModel.xcdatamodeld in Sources */,
				EA24611B15C6CD3A0065C12D /* VIFetchResultsDataSource.m in Sources */,
				3D095BD216E274340074CBA2 /* VIManagedObjectMapper.m in Sources */,
				3DDBEC0C16E2B85D00E9AB57 /* VIManagedObjectMap.m in Sources */,
				3D330BCB1707341700B6D42B /* VIPerson.m in Sources */,
				3D634A8817076EFD00B601B5 /* VIManagedObject.m in Sources */,
			);
			runOnlyForDeploymentPostprocessing = 0;
		};
/* End PBXSourcesBuildPhase section */

/* Begin PBXVariantGroup section */
		6F46A2D316CAACF700BE4F20 /* InfoPlist.strings */ = {
			isa = PBXVariantGroup;
			children = (
				6F46A2D416CAACF700BE4F20 /* en */,
			);
			name = InfoPlist.strings;
			sourceTree = "<group>";
		};
		EA5F19AD15C196500089AA44 /* InfoPlist.strings */ = {
			isa = PBXVariantGroup;
			children = (
				EA5F19AE15C196500089AA44 /* en */,
			);
			name = InfoPlist.strings;
			sourceTree = "<group>";
		};
		EA5F19B915C196500089AA44 /* VIViewController.xib */ = {
			isa = PBXVariantGroup;
			children = (
				EA5F19BA15C196500089AA44 /* en */,
			);
			name = VIViewController.xib;
			sourceTree = "<group>";
		};
/* End PBXVariantGroup section */

/* Begin XCBuildConfiguration section */
		6F8B5D2516CBF764004DD1B2 /* Debug */ = {
			isa = XCBuildConfiguration;
			buildSettings = {
				BUNDLE_LOADER = "$(BUILT_PRODUCTS_DIR)/CoreData.app/CoreData";
				CLANG_CXX_LANGUAGE_STANDARD = "compiler-default";
				CLANG_CXX_LIBRARY = "compiler-default";
				CLANG_WARN_EMPTY_BODY = YES;
				FRAMEWORK_SEARCH_PATHS = (
					"\"$(SDKROOT)/Developer/Library/Frameworks\"",
					"\"$(DEVELOPER_LIBRARY_DIR)/Frameworks\"",
				);
				GCC_PRECOMPILE_PREFIX_HEADER = YES;
				GCC_PREFIX_HEADER = "CoreDataTests/CoreDataTests-Prefix.pch";
				INFOPLIST_FILE = "CoreDataTests/CoreDataTests-Info.plist";
				IPHONEOS_DEPLOYMENT_TARGET = 5.0;
				ONLY_ACTIVE_ARCH = YES;
				PRODUCT_NAME = "$(TARGET_NAME)";
				TEST_AFTER_BUILD = YES;
				TEST_HOST = "$(BUNDLE_LOADER)";
				WRAPPER_EXTENSION = octest;
			};
			name = Debug;
		};
		6F8B5D2616CBF764004DD1B2 /* Release */ = {
			isa = XCBuildConfiguration;
			buildSettings = {
				BUNDLE_LOADER = "$(BUILT_PRODUCTS_DIR)/CoreData.app/CoreData";
				CLANG_CXX_LANGUAGE_STANDARD = "compiler-default";
				CLANG_CXX_LIBRARY = "compiler-default";
				CLANG_WARN_EMPTY_BODY = YES;
				FRAMEWORK_SEARCH_PATHS = (
					"\"$(SDKROOT)/Developer/Library/Frameworks\"",
					"\"$(DEVELOPER_LIBRARY_DIR)/Frameworks\"",
				);
				GCC_PRECOMPILE_PREFIX_HEADER = YES;
				GCC_PREFIX_HEADER = "CoreDataTests/CoreDataTests-Prefix.pch";
				INFOPLIST_FILE = "CoreDataTests/CoreDataTests-Info.plist";
				IPHONEOS_DEPLOYMENT_TARGET = 5.0;
				PRODUCT_NAME = "$(TARGET_NAME)";
				TEST_AFTER_BUILD = YES;
				TEST_HOST = "$(BUNDLE_LOADER)";
				WRAPPER_EXTENSION = octest;
			};
			name = Release;
		};
		EA5F19BC15C196500089AA44 /* Debug */ = {
			isa = XCBuildConfiguration;
			buildSettings = {
				ALWAYS_SEARCH_USER_PATHS = NO;
				ARCHS = "$(ARCHS_STANDARD_32_BIT)";
				CLANG_ENABLE_OBJC_ARC = YES;
				CLANG_WARN_CONSTANT_CONVERSION = YES;
				CLANG_WARN_ENUM_CONVERSION = YES;
				CLANG_WARN_INT_CONVERSION = YES;
				CLANG_WARN__DUPLICATE_METHOD_MATCH = YES;
				"CODE_SIGN_IDENTITY[sdk=iphoneos*]" = "iPhone Developer";
				COPY_PHASE_STRIP = NO;
				GCC_C_LANGUAGE_STANDARD = "compiler-default";
				GCC_DYNAMIC_NO_PIC = NO;
				GCC_OPTIMIZATION_LEVEL = 0;
				GCC_PREPROCESSOR_DEFINITIONS = (
					"DEBUG=1",
					"$(inherited)",
				);
				GCC_SYMBOLS_PRIVATE_EXTERN = NO;
				GCC_VERSION = com.apple.compilers.llvm.clang.1_0;
				GCC_WARN_ABOUT_RETURN_TYPE = YES;
				GCC_WARN_UNINITIALIZED_AUTOS = YES;
				GCC_WARN_UNUSED_VARIABLE = YES;
				IPHONEOS_DEPLOYMENT_TARGET = 5.0;
				SDKROOT = iphoneos;
			};
			name = Debug;
		};
		EA5F19BD15C196500089AA44 /* Release */ = {
			isa = XCBuildConfiguration;
			buildSettings = {
				ALWAYS_SEARCH_USER_PATHS = NO;
				ARCHS = "$(ARCHS_STANDARD_32_BIT)";
				CLANG_ENABLE_OBJC_ARC = YES;
				CLANG_WARN_CONSTANT_CONVERSION = YES;
				CLANG_WARN_ENUM_CONVERSION = YES;
				CLANG_WARN_INT_CONVERSION = YES;
				CLANG_WARN__DUPLICATE_METHOD_MATCH = YES;
				"CODE_SIGN_IDENTITY[sdk=iphoneos*]" = "iPhone Developer";
				COPY_PHASE_STRIP = YES;
				GCC_C_LANGUAGE_STANDARD = "compiler-default";
				GCC_VERSION = com.apple.compilers.llvm.clang.1_0;
				GCC_WARN_ABOUT_RETURN_TYPE = YES;
				GCC_WARN_UNINITIALIZED_AUTOS = YES;
				GCC_WARN_UNUSED_VARIABLE = YES;
				IPHONEOS_DEPLOYMENT_TARGET = 5.0;
				OTHER_CFLAGS = "-DNS_BLOCK_ASSERTIONS=1";
				SDKROOT = iphoneos;
				VALIDATE_PRODUCT = YES;
			};
			name = Release;
		};
		EA5F19BF15C196500089AA44 /* Debug */ = {
			isa = XCBuildConfiguration;
			buildSettings = {
				FRAMEWORK_SEARCH_PATHS = (
					"$(inherited)",
					"\"$(SYSTEM_APPS_DIR)/Xcode.app/Contents/Developer/Library/Frameworks\"",
				);
				GCC_PRECOMPILE_PREFIX_HEADER = YES;
				GCC_PREFIX_HEADER = "CoreData/CoreData-Prefix.pch";
				INFOPLIST_FILE = "CoreData/CoreData-Info.plist";
				PRODUCT_NAME = "$(TARGET_NAME)";
				WRAPPER_EXTENSION = app;
			};
			name = Debug;
		};
		EA5F19C015C196500089AA44 /* Release */ = {
			isa = XCBuildConfiguration;
			buildSettings = {
				FRAMEWORK_SEARCH_PATHS = (
					"$(inherited)",
					"\"$(SYSTEM_APPS_DIR)/Xcode.app/Contents/Developer/Library/Frameworks\"",
				);
				GCC_PRECOMPILE_PREFIX_HEADER = YES;
				GCC_PREFIX_HEADER = "CoreData/CoreData-Prefix.pch";
				GCC_SYMBOLS_PRIVATE_EXTERN = NO;
				INFOPLIST_FILE = "CoreData/CoreData-Info.plist";
				PRODUCT_NAME = "$(TARGET_NAME)";
				WRAPPER_EXTENSION = app;
			};
			name = Release;
		};
/* End XCBuildConfiguration section */

/* Begin XCConfigurationList section */
		6F8B5D2416CBF764004DD1B2 /* Build configuration list for PBXNativeTarget "CoreDataTests" */ = {
			isa = XCConfigurationList;
			buildConfigurations = (
				6F8B5D2516CBF764004DD1B2 /* Debug */,
				6F8B5D2616CBF764004DD1B2 /* Release */,
			);
			defaultConfigurationIsVisible = 0;
			defaultConfigurationName = Release;
		};
		EA5F199A15C196500089AA44 /* Build configuration list for PBXProject "CoreData" */ = {
			isa = XCConfigurationList;
			buildConfigurations = (
				EA5F19BC15C196500089AA44 /* Debug */,
				EA5F19BD15C196500089AA44 /* Release */,
			);
			defaultConfigurationIsVisible = 0;
			defaultConfigurationName = Release;
		};
		EA5F19BE15C196500089AA44 /* Build configuration list for PBXNativeTarget "CoreData" */ = {
			isa = XCConfigurationList;
			buildConfigurations = (
				EA5F19BF15C196500089AA44 /* Debug */,
				EA5F19C015C196500089AA44 /* Release */,
			);
			defaultConfigurationIsVisible = 0;
			defaultConfigurationName = Release;
		};
/* End XCConfigurationList section */

/* Begin XCVersionGroup section */
		EA4FE17715C2EEC700424469 /* VICoreDataModel.xcdatamodeld */ = {
			isa = XCVersionGroup;
			children = (
				EA4FE17815C2EEC700424469 /* VICoreDataModel.xcdatamodel */,
			);
			currentVersion = EA4FE17815C2EEC700424469 /* VICoreDataModel.xcdatamodel */;
			path = VICoreDataModel.xcdatamodeld;
			sourceTree = "<group>";
			versionGroupType = wrapper.xcdatamodel;
		};
/* End XCVersionGroup section */
	};
	rootObject = EA5F199715C196500089AA44 /* Project object */;
}
